
Microsoft Visual Studio Solution File, Format Version 12.00
# Visual Studio Version 16
VisualStudioVersion = 16.0.31613.86
MinimumVisualStudioVersion = 10.0.40219.1
Project("{9A19103F-16F7-4668-BE54-9A1E7A4F7556}") = "PedidoYa", "PedidoYa\PedidoYa.csproj", "{6DEDED7E-BD74-4A1D-9E4C-7BF82A632DFE}"
EndProject
Project("{FAE04EC0-301F-11D3-BF4B-00C04F79EFBC}") = "PedidoYa.Data", "PedidoYa.Data\PedidoYa.Data.csproj", "{04F43741-96F0-4807-9E32-C27037818B4A}"
EndProject
Project("{FAE04EC0-301F-11D3-BF4B-00C04F79EFBC}") = "PedidoYa.Model", "PedidoYa.Model\PedidoYa.Model.csproj", "{CA02DAF4-30C4-442B-A7DD-124F0C2B0FBB}"
EndProject
Global
	GlobalSection(SolutionConfigurationPlatforms) = preSolution
		Debug|Any CPU = Debug|Any CPU
		Release|Any CPU = Release|Any CPU
	EndGlobalSection
	GlobalSection(ProjectConfigurationPlatforms) = postSolution
		{6DEDED7E-BD74-4A1D-9E4C-7BF82A632DFE}.Debug|Any CPU.ActiveCfg = Debug|Any CPU
		{6DEDED7E-BD74-4A1D-9E4C-7BF82A632DFE}.Debug|Any CPU.Build.0 = Debug|Any CPU
		{6DEDED7E-BD74-4A1D-9E4C-7BF82A632DFE}.Release|Any CPU.ActiveCfg = Release|Any CPU
		{6DEDED7E-BD74-4A1D-9E4C-7BF82A632DFE}.Release|Any CPU.Build.0 = Release|Any CPU
		{04F43741-96F0-4807-9E32-C27037818B4A}.Debug|Any CPU.ActiveCfg = Debug|Any CPU
		{04F43741-96F0-4807-9E32-C27037818B4A}.Debug|Any CPU.Build.0 = Debug|Any CPU
		{04F43741-96F0-4807-9E32-C27037818B4A}.Release|Any CPU.ActiveCfg = Release|Any CPU
		{04F43741-96F0-4807-9E32-C27037818B4A}.Release|Any CPU.Build.0 = Release|Any CPU
		{CA02DAF4-30C4-442B-A7DD-124F0C2B0FBB}.Debug|Any CPU.ActiveCfg = Debug|Any CPU
		{CA02DAF4-30C4-442B-A7DD-124F0C2B0FBB}.Debug|Any CPU.Build.0 = Debug|Any CPU
		{CA02DAF4-30C4-442B-A7DD-124F0C2B0FBB}.Release|Any CPU.ActiveCfg = Release|Any CPU
		{CA02DAF4-30C4-442B-A7DD-124F0C2B0FBB}.Release|Any CPU.Build.0 = Release|Any CPU
	EndGlobalSection
	GlobalSection(SolutionProperties) = preSolution
		HideSolutionNode = FALSE
	EndGlobalSection
	GlobalSection(ExtensibilityGlobals) = postSolution
		SolutionGuid = {45FAD900-1A58-41EE-9610-FF560333A35B}
	EndGlobalSection
EndGlobal
